github.com/Azure/azure-sdk-for-go/sdk/azcore v1.3.0 h1:VuHAcMq8pU1IWNT/m5yRaGqbK0BiQKHT8X4DTp9CHdI=
github.com/Azure/azure-sdk-for-go/sdk/azcore v1.3.0/go.mod h1:tZoQYdDZNOiIjdSn0dVWVfl0NEPGOJqVLzSrcFk4Is0=
github.com/Azure/azure-sdk-for-go/sdk/azidentity v1.2.1 h1:T8quHYlUGyb/oqtSTwqlCr1ilJHrDv+ZtpSfo+hm1BU=
github.com/Azure/azure-sdk-for-go/sdk/azidentity v1.2.1/go.mod h1:gLa1CL2RNE4s7M3yopJ/p0iq5DdY6Yv5ZUt9MTRZOQM=
github.com/Azure/azure-sdk-for-go/sdk/internal v1.1.1 h1:Oj853U9kG+RLTCQXpjvOnrv0WaZHxgmZz1TlLywgOPY=
github.com/Azure/azure-sdk-for-go/sdk/internal v1.1.1/go.mod h1:eWRD7oawr1Mu1sLCawqVc0CUiF43ia3qQMxLscsKQ9w=
github.com/AzureAD/microsoft-authentication-library-for-go v0.8.1 h1:oPdPEZFSbl7oSPEAIPMPBMUmiL+mqgzBJwM/9qYcwNg=
github.com/AzureAD/microsoft-authentication-library-for-go v0.8.1/go.mod h1:4qFor3D/HDsvBME35Xy9rwW9DecL+M2sNw1ybjPtwA0=
github.com/BurntSushi/toml v0.3.1 h1:WXkYYl6Yr3qBf1K79EBnL4mak0OimBfB0XUf9Vl28OQ=
github.com/BurntSushi/toml v0.3.1/go.mod h1:xHWCNGjB5oqiDr8zfno3MHue2Ht5sIBksp03qcyfWMU=
github.com/bradfitz/gomemcache v0.0.0-20190913173617-a41fca850d0b h1:L/QXpzIa3pOvUGt1D1lA5KjYhPBAN/3iWdP7xeFS9F0=
github.com/bradfitz/gomemcache v0.0.0-20190913173617-a41fca850d0b/go.mod h1:H0wQNHz2YrLsuXOZozoeDmnHXkNCRmMW0gwFWDfEZDA=
github.com/cjlapao/common-go v0.0.37 h1:ITL+pNUKKbajV9/seV/qoNPCGDhBSp8BCpDggesgM/U=
github.com/cjlapao/common-go v0.0.37/go.mod h1:M3dzazLjTjEtZJbbxoA5ZDiGCiHmpwqW9l4UWaddwOA=
github.com/davecgh/go-spew v1.1.0/go.mod h1:J7Y8YcW2NihsgmVo/mv3lAwl/skON4iLHjSsI+c5H38=
github.com/davecgh/go-spew v1.1.1 h1:vj9j/u1bqnvCEfJOwUhtlOARqs3+rkHYY13jYWTU97c=
github.com/davecgh/go-spew v1.1.1/go.mod h1:J7Y8YcW2NihsgmVo/mv3lAwl/skON4iLHjSsI+c5H38=
github.com/dnaeon/go-vcr v1.1.0 h1:ReYa/UBrRyQdant9B4fNHGoCNKw6qh6P0fsdGmZpR7c=
github.com/fsnotify/fsnotify v1.4.9 h1:hsms1Qyu0jgnwNXIxa+/V/PDsU6CfLf6CNO8H7IWoS4=
github.com/fsnotify/fsnotify v1.4.9/go.mod h1:znqG4EE+3YCdAaPaxE2ZRY/06pZUdp0tY4IgpuI1SZQ=
github.com/garyburd/redigo v1.6.2 h1:yE/pwKCrbLpLpQICzYTeZ7JsTA/C53wFTJHaEtRqniM=
github.com/garyburd/redigo v1.6.2/go.mod h1:NR3MbYisc3/PwhQ00EMzDiPmrwpPxAn5GI05/YaO1SY=
github.com/globalsign/mgo v0.0.0-20181015135952-eeefdecb41b8 h1:DujepqpGd1hyOd7aW59XpK7Qymp8iy83xq74fLr21is=
github.com/globalsign/mgo v0.0.0-20181015135952-eeefdecb41b8/go.mod h1:xkRDCp4j0OGD1HRkm4kmhM+pmpv3AKq5SU7GMg4oO/Q=
github.com/go-logr/logr v1.2.2/go.mod h1:jdQByPbusPIv2/zmleS9BjJVeZ6kBagPoEUsqbVz/1A=
github.com/go-logr/logr v1.2.3 h1:2DntVwHkVopvECVRSlL5PSo9eG+cAkDCuckLubN+rq0=
github.com/go-logr/logr v1.2.3/go.mod h1:jdQByPbusPIv2/zmleS9BjJVeZ6kBagPoEUsqbVz/1A=
github.com/go-logr/stdr v1.2.2 h1:hSWxHoqTgW2S2qGc0LTAI563KZ5YKYRhT3MFKZMbjag=
github.com/go-logr/stdr v1.2.2/go.mod h1:mMo/vtBO5dYbehREoey6XUKy/eSumjCCveDpRre4VKE=
github.com/go-stack/stack v1.8.1 h1:ntEHSVwIt7PNXNpgPmVfMrNhLtgjlmnZha2kOpuRiDw=
github.com/go-stack/stack v1.8.1/go.mod h1:dcoOX6HbPZSZptuspn9bctJ+N/CnF5gGygcUP3XYfe4=
github.com/golang-jwt/jwt/v4 v4.4.2 h1:rcc4lwaZgFMCZ5jxF9ABolDcIHdBytAFgqFPbSJQAYs=
github.com/golang-jwt/jwt/v4 v4.4.2/go.mod h1:m21LjoU+eqJr34lmDMbreY2eSTRJ1cv77w39/MY0Ch0=
github.com/google/go-cmp v0.5.9 h1:O2Tfq5qg4qc4AmwVlvv0oLiVAGB7enBSJ2x2DqQFi38=
github.com/google/uuid v1.3.0 h1:t6JiXgmwXMjEs8VusXIJk2BXHsn+wx8BZdTaoZ5fu7I=
github.com/google/uuid v1.3.0/go.mod h1:TIyPZe4MgqvfeYDBFedMoGGpEw/LqOeaOT+nhxU+yHo=
github.com/inconshreveable/log15 v0.0.0-20180818164646-67afb5ed74ec/go.mod h1:cOaXtrgN4ScfRrD9Bre7U1thNq5RtJ8ZoP4iXVGRj6o=
github.com/inconshreveable/log15 v0.0.0-20200109203555-b30bc20e4fd1 h1:KUDFlmBg2buRWNzIcwLlKvfcnujcHQRQ1As1LoaCLAM=
github.com/inconshreveable/log15 v0.0.0-20200109203555-b30bc20e4fd1/go.mod h1:cOaXtrgN4ScfRrD9Bre7U1thNq5RtJ8ZoP4iXVGRj6o=
github.com/kr/pty v1.1.1/go.mod h1:pFQYn66WHrOpPYNljwOMqo10TkYh1fy3cYio2l3bCsQ=
github.com/kr/text v0.1.0/go.mod h1:4Jbv+DJW3UT/LiOwJeYQe1efqtUx/iVham/4vfdArNI=
github.com/kr/text v0.2.0 h1:5Nx0Ya0ZqY2ygV366QzturHI13Jq95ApcVaJBhpS+AY=
github.com/kylelemons/godebug v1.1.0 h1:RPNrshWIDI6G2gRW9EHilWtl7Z6Sb1BR0xunSBf0SNc=
github.com/kylelemons/godebug v1.1.0/go.mod h1:9/0rRGxNHcop5bhtWyNeEfOS8JIWk580+fNqagV/RAw=
github.com/lujiacn/mgodo v0.22.0 h1:IYQa6YR0+4IGT8F0eqjAlPpg4pLQk0bYObUSZzpB2mw=
github.com/lujiacn/mgodo v0.22.0/go.mod h1:C9e6TT4ZjCLcQ5tO8kifGHPS7eu9OBbB8XGkpwiwWAY=
github.com/mattn/go-colorable v0.1.4/go.mod h1:U0ppj6V5qS13XJ6of8GYAs25YV2eR4EVcfRqFIhoBtE=
github.com/mattn/go-colorable v0.1.13 h1:fFA4WZxdEF4tXPZVKMLwD8oUnCTTo08duU7wxecdEvA=
github.com/mattn/go-colorable v0.1.13/go.mod h1:7S9/ev0klgBDR4GtXTXX8a3vIGJpMovkB8vQcUbaXHg=
github.com/mattn/go-isatty v0.0.8/go.mod h1:Iq45c/XA43vh69/j3iqttzPXn0bhXyGjM0Hdxcsrc5s=
github.com/mattn/go-isatty v0.0.16 h1:bq3VjFmv/sOjHtdEhmkEV4x1AJtvUvOJ2PFAZ5+peKQ=
github.com/mattn/go-isatty v0.0.16/go.mod h1:kYGgaQfpe5nmfYZH+SKPsOc2e4SrIfOl2e/yFXSvRLM=
github.com/microsoft/kiota-abstractions-go v0.16.0 h1:DZ1L4YsRsQw39iPGnVq2fQkqLXMsazdPwmWsnaH4EZg=
github.com/microsoft/kiota-abstractions-go v0.16.0/go.mod h1:RT/s9sCzg49i4iO7e2qhyWmX+DlJDgC0P+Wp8fKQQfo=
github.com/microsoft/kiota-authentication-azure-go v0.6.0 h1:Il9bLO34J6D8DY89xYAXoGh9muvlphayqG4eihyT6B8=
github.com/microsoft/kiota-authentication-azure-go v0.6.0/go.mod h1:EJCHiLWLXW1/mSgX7lYReAhVO37MzRT5Xi2mcPTwCRQ=
github.com/microsoft/kiota-http-go v0.13.0 h1:CZSC+UrBSwjIvLlVh+AEPsDbD0c17AWd/QPRHIljd8k=
github.com/microsoft/kiota-http-go v0.13.0/go.mod h1:aWtBlFhCetH0JmouvN3hiSaJoqCEdVHPqlrcLYExs3k=
github.com/microsoft/kiota-serialization-form-go v0.2.0 h1:jgPE+8DtrWhL+KwnAwRm13HnMNydbelC/NP9wRGwDUo=
github.com/microsoft/kiota-serialization-form-go v0.2.0/go.mod h1:chOuh09tO7IrNtubAumdlG5wnrcYdMkjV7joVVGDyGs=
github.com/microsoft/kiota-serialization-json-go v0.7.2 h1:DSb4fNDi5O+DqJwrHo+vRy2kSvfxG5VtN6m1EHzn5Vw=
github.com/microsoft/kiota-serialization-json-go v0.7.2/go.mod h1:Ojum5prlijopyCOZ2XctRcVlE2pU8h+43r3tMdiWoDU=
github.com/microsoft/kiota-serialization-text-go v0.6.0 h1:3N2vftYZlwKdog69AN7ha+FZT0QxPG7xp/hLv0/W2OQ=
github.com/microsoft/kiota-serialization-text-go v0.6.0/go.mod h1:OUA4dNH+f6afiJUs+rQAatJos7QVF5PJkyrqoD89lx4=
github.com/microsoftgraph/msgraph-sdk-go v0.53.0 h1:HpQd1Nvr8yQNeqhDuiVSbqn1fkHsFbRFDmnuhhXJXOQ=
github.com/microsoftgraph/msgraph-sdk-go v0.53.0/go.mod h1:BZLyon4n4T4EuLIAlX+kJ5JgneFTXVQDah1AJuq3FRY=
github.com/microsoftgraph/msgraph-sdk-go-core v0.33.0 h1:cDL3ov/IZ2ZarUJdGGPsdR+46ALdd3CRAiDBIylLCoA=
github.com/microsoftgraph/msgraph-sdk-go-core v0.33.0/go.mod h1:d0mU3PQAWnN/C4CwPJEZz2QhesrnR5UDnqRu2ODWPkI=
github.com/myesui/uuid v1.0.0 h1:xCBmH4l5KuvLYc5L7AS7SZg9/jKdIFubM7OVoLqaQUI=
github.com/myesui/uuid v1.0.0/go.mod h1:2CDfNgU0LR8mIdO8vdWd8i9gWWxLlcoIGGpSNgafq84=
github.com/niemeyer/pretty v0.0.0-20200227124842-a10e7caefd8e h1:fD57ERR4JtEqsWbfPhv4DMiApHyliiK5xCTNVSPiaAs=
github.com/niemeyer/pretty v0.0.0-20200227124842-a10e7caefd8e/go.mod h1:zD1mROLANZcx1PVRCS0qkT7pwLkGfwJo4zjcN/Tysno=
github.com/patrickmn/go-cache v2.1.0+incompatible h1:HRMgzkcYKYpi3C8ajMPV8OFXaaRUnok+kx1WdO15EQc=
github.com/patrickmn/go-cache v2.1.0+incompatible/go.mod h1:3Qf8kWWT7OJRJbdiICTKqZju1ZixQ/KpMGzzAfe6+WQ=
github.com/pkg/browser v0.0.0-20210115035449-ce105d075bb4 h1:Qj1ukM4GlMWXNdMBuXcXfz/Kw9s1qm0CLY32QxuSImI=
github.com/pkg/browser v0.0.0-20210115035449-ce105d075bb4/go.mod h1:N6UoU20jOqggOuDwUaBQpluzLNDqif3kq9z2wpdYEfQ=
github.com/pmezard/go-difflib v1.0.0 h1:4DBwDE0NGyQoBHbLQYPwSUPoCMWR5BEzIk/f1lZbAQM=
github.com/pmezard/go-difflib v1.0.0/go.mod h1:iKH77koFhYxTK1pcRnkKkqfTogsbg7gZNVY4sRDYZ/4=
github.com/revel/config v0.21.0/go.mod h1:GT4a9px5kDGRqLizcw/md0QFErrhen76toz4qS3oIoI=
github.com/revel/config v1.0.0 h1:UAzLPQ+x9nJeP6a+H93G+AKEosg3OO2oVLBXK9oSN2U=
github.com/revel/config v1.0.0/go.mod h1:GT4a9px5kDGRqLizcw/md0QFErrhen76toz4qS3oIoI=
github.com/revel/log15 v2.11.20+incompatible h1:JkA4tbwIo/UGEMumY50zndKq816RQW3LQ0wIpRc+32U=
github.com/revel/log15 v2.11.20+incompatible/go.mod h1:l0WmLRs+IM1hBl4noJiBc2tZQiOgZyXzS1mdmFt+5Gc=
github.com/revel/pathtree v0.0.0-20140121041023-41257a1839e9 h1:/d6kfjzjyx19ieWqMOXHSTLFuRxLOH15ZubtcAXExKw=
github.com/revel/pathtree v0.0.0-20140121041023-41257a1839e9/go.mod h1:TmlwoRLDvgRjoTe6rbsxIaka/CulzYrgfef7iNJcEWY=
github.com/revel/revel v0.21.0/go.mod h1:VZWJnHjpDEtuGUuZJ2NO42XryitrtwsdVaJxfDeo5yc=
github.com/revel/revel v1.0.0 h1:BsPFnKuuzXEkPtrjdjZHiDcvDmbBiBQvh7Z5c6kLb/Y=
github.com/revel/revel v1.0.0/go.mod h1:VZWJnHjpDEtuGUuZJ2NO42XryitrtwsdVaJxfDeo5yc=
github.com/stretchr/objx v0.1.0/go.mod h1:HFkY916IF+rwdDfMAkV7OtwuqBVzrE8GR6GFx+wExME=
github.com/stretchr/objx v0.4.0/go.mod h1:YvHI0jy2hoMjB+UWwv71VJQ9isScKT/TqJzVSSt89Yw=
github.com/stretchr/objx v0.5.0/go.mod h1:Yh+to48EsGEfYuaHDzXPcE3xhTkx73EhmCGUpEOglKo=
github.com/stretchr/testify v1.5.1/go.mod h1:5W2xD1RspED5o8YsWQXVCued0rvSQ+mT+I5cxcmMvtA=
github.com/stretchr/testify v1.7.1/go.mod h1:6Fq8oRcR53rry900zMqJjRRixrwX3KX962/h/Wwjteg=
github.com/stretchr/testify v1.8.0/go.mod h1:yNjHg4UonilssWZ8iaSj1OCr/vHnekPRkoO+kdMU+MU=
github.com/stretchr/testify v1.8.1 h1:w7B6lhMri9wdJUVmEZPGGhZzrYTPvgJArz7wNPgYKsk=
github.com/stretchr/testify v1.8.1/go.mod h1:w2LPCIKwWwSfY2zedu0+kehJoqGctiVI29o6fzry7u4=
github.com/twinj/uuid v1.0.0 h1:fzz7COZnDrXGTAOHGuUGYd6sG+JMq+AoE7+Jlu0przk=
github.com/twinj/uuid v1.0.0/go.mod h1:mMgcE1RHFUFqe5AfiwlINXisXfDGro23fWdPUfOMjRY=
github.com/xeonx/timeago v1.0.0-rc4 h1:9rRzv48GlJC0vm+iBpLcWAr8YbETyN9Vij+7h2ammz4=
github.com/xeonx/timeago v1.0.0-rc4/go.mod h1:qDLrYEFynLO7y5Ho7w3GwgtYgpy5UfhcXIIQvMKVDkA=
github.com/yosida95/uritemplate/v3 v3.0.2 h1:Ed3Oyj9yrmi9087+NczuL5BwkIc4wvTb5zIM+UJPGz4=
github.com/yosida95/uritemplate/v3 v3.0.2/go.mod h1:ILOh0sOhIJR3+L/8afwt/kE++YT040gmv5BQTMR2HP4=
go.opentelemetry.io/otel v1.11.2 h1:YBZcQlsVekzFsFbjygXMOXSs6pialIZxcjfO/mBDmR0=
go.opentelemetry.io/otel v1.11.2/go.mod h1:7p4EUV+AqgdlNV9gL97IgUZiVR3yrFXYo53f9BM3tRI=
go.opentelemetry.io/otel/trace v1.11.2 h1:Xf7hWSF2Glv0DE3MH7fBHvtpSBsjcBUe5MYAmZM/+y0=
go.opentelemetry.io/otel/trace v1.11.2/go.mod h1:4N+yC7QEz7TTsG9BSRLNAa63eg5E06ObSbKPmxQ/pKA=
golang.org/x/crypto v0.0.0-20190308221718-c2843e01d9a2/go.mod h1:djNgcEr1/C05ACkg1iLfiJU5Ep61QUkGW8qpdssI0+w=
golang.org/x/crypto v0.0.0-20220511200225-c6db032c6c88 h1:Tgea0cVUD0ivh5ADBX4WwuI12DUd2to3nCYe2eayMIw=
golang.org/x/crypto v0.0.0-20220511200225-c6db032c6c88/go.mod h1:IxCIyHEi3zRg3s0A5j5BB6A9Jmi73HwBIUl50j+osU4=
golang.org/x/net v0.0.0-20191011234655-491137f69257/go.mod h1:z5CRVTTTmAJ677TzLLGU+0bjPO0LkuOLi4/5GtJWs/s=
golang.org/x/net v0.0.0-20220826154423-83b083e8dc8b h1:ZmngSVLe/wycRns9MKikG9OWIEjGcGAkacif7oYQaUY=
golang.org/x/net v0.0.0-20220826154423-83b083e8dc8b/go.mod h1:YDH+HFinaLZZlnHAfSS6ZXJJ9M9t4Dl22yv3iI2vPwk=
golang.org/x/sys v0.0.0-20190215142949-d0b11bdaac8a/go.mod h1:STP8DvDyc/dI5b8T5hshtkjS+E42TnysNCUPdjciGhY=
golang.org/x/sys v0.0.0-20190222072716-a9d3bda3a223/go.mod h1:STP8DvDyc/dI5b8T5hshtkjS+E42TnysNCUPdjciGhY=
golang.org/x/sys v0.0.0-20191005200804-aed5e4c7ecf9/go.mod h1:h1NjWce9XRLGQEsW7wpKNCjG9DtNlClVuFLEZdDNbEs=
golang.org/x/sys v0.0.0-20220811171246-fbc7d0a398ab/go.mod h1:oPkhp1MJrh7nUepCBck5+mAzfO9JrbApNNgaTdGDITg=
golang.org/x/sys v0.2.0 h1:ljd4t30dBnAvMZaQCevtY0xLLD0A+bRZXbgLMLU1F/A=
golang.org/x/sys v0.2.0/go.mod h1:oPkhp1MJrh7nUepCBck5+mAzfO9JrbApNNgaTdGDITg=
golang.org/x/text v0.3.0/go.mod h1:NqM8EUOU14njkJ3fqMW+pc6Ldnwhi/IjpwHt7yyuwOQ=
golang.org/x/text v0.3.7 h1:olpwvP2KacW1ZWvsR7uQhoyTYvKAupfQrRGBFM352Gk=
golang.org/x/text v0.3.7/go.mod h1:u+2+/6zg+i71rQMx5EYifcz6MCKuco9NR6JIITiCfzQ=
gopkg.in/check.v1 v0.0.0-20161208181325-20d25e280405/go.mod h1:Co6ibVJAznAaIkqp8huTwlJQCZ016jof/cbN4VW5Yz0=
gopkg.in/check.v1 v1.0.0-20200227125254-8fa46927fb4f h1:BLraFXnmrev5lT+xlilqcH8XK9/i0At2xKjWk4p6zsU=
gopkg.in/check.v1 v1.0.0-20200227125254-8fa46927fb4f/go.mod h1:Co6ibVJAznAaIkqp8huTwlJQCZ016jof/cbN4VW5Yz0=
gopkg.in/fsnotify/fsnotify.v1 v1.4.7/go.mod h1:Fyux9zXlo4rWoMSIzpn9fDAYjalPqJ/K1qJ27s+7ltE=
gopkg.in/natefinch/lumberjack.v2 v2.0.0 h1:1Lc07Kr7qY4U2YPouBjpCLxpiyxIVoxqXgkXLknAOE8=
gopkg.in/natefinch/lumberjack.v2 v2.0.0/go.mod h1:l0ndWWf7gzL7RNwBG7wST/UCcT4T24xpD6X8LsfU/+k=
gopkg.in/stack.v0 v0.0.0-20141108040640-9b43fcefddd0 h1:lMH45EKqD8Nf6LwoF+43YOKjOAEEHQRVgDyG8RCV4MU=
gopkg.in/stack.v0 v0.0.0-20141108040640-9b43fcefddd0/go.mod h1:kl/bNzW/jgTgUOCGDj3XPn9/Hbfhw6pjfBRUnaTioFQ=
gopkg.in/stretchr/testify.v1 v1.2.2 h1:yhQC6Uy5CqibAIlk1wlusa/MJ3iAN49/BsR/dCCKz3M=
gopkg.in/stretchr/testify.v1 v1.2.2/go.mod h1:QI5V/q6UbPmuhtm10CaFZxED9NreB8PnFYN9JcR6TxU=
gopkg.in/yaml.v2 v2.2.2/go.mod h1:hI93XBmqTisBFMUTm0b8Fm+jr3Dg1NNxqwp+5A1VGuI=
gopkg.in/yaml.v2 v2.2.8/go.mod h1:hI93XBmqTisBFMUTm0b8Fm+jr3Dg1NNxqwp+5A1VGuI=
gopkg.in/yaml.v2 v2.4.0 h1:D8xgwECY7CYvx+Y2n4sBz93Jn9JRvxdiyyo8CTfuKaY=
gopkg.in/yaml.v3 v3.0.0-20200313102051-9f266ea9e77c/go.mod h1:K4uyk7z7BCEPqu6E+C64Yfv1cQ7kz7rIZviUmN+EgEM=
gopkg.in/yaml.v3 v3.0.1 h1:fxVm/GzAzEWqLHuvctI91KS9hhNmmWOoWu0XTYJS7CA=
gopkg.in/yaml.v3 v3.0.1/go.mod h1:K4uyk7z7BCEPqu6E+C64Yfv1cQ7kz7rIZviUmN+EgEM=
